// !$*UTF8*$!
{
	archiveVersion = 1;
	classes = {
	};
	objectVersion = 48;
	objects = {

/* Begin PBXBuildFile section */
		9997D97F1FD7ABA700BA1D8F /* AppDelegate.swift in Sources */ = {isa = PBXBuildFile; fileRef = 9997D97E1FD7ABA700BA1D8F /* AppDelegate.swift */; };
		9997D9811FD7ABA700BA1D8F /* LoginViewController.swift in Sources */ = {isa = PBXBuildFile; fileRef = 9997D9801FD7ABA700BA1D8F /* LoginViewController.swift */; };
		9997D9841FD7ABA700BA1D8F /* Main.storyboard in Resources */ = {isa = PBXBuildFile; fileRef = 9997D9821FD7ABA700BA1D8F /* Main.storyboard */; };
		9997D9891FD7ABA700BA1D8F /* Assets.xcassets in Resources */ = {isa = PBXBuildFile; fileRef = 9997D9881FD7ABA700BA1D8F /* Assets.xcassets */; };
		9997D98C1FD7ABA700BA1D8F /* LaunchScreen.storyboard in Resources */ = {isa = PBXBuildFile; fileRef = 9997D98A1FD7ABA700BA1D8F /* LaunchScreen.storyboard */; };
		9997D9941FD7AE8D00BA1D8F /* GoogleService-Info.plist in Resources */ = {isa = PBXBuildFile; fileRef = 9997D9931FD7AE8D00BA1D8F /* GoogleService-Info.plist */; };
		9997D9971FD7AFA500BA1D8F /* AppDelegat + GoogleSignin.swift in Sources */ = {isa = PBXBuildFile; fileRef = 9997D9961FD7AFA500BA1D8F /* AppDelegat + GoogleSignin.swift */; };
		9997D99C1FD7C8D900BA1D8F /* HomeViewController.swift in Sources */ = {isa = PBXBuildFile; fileRef = 9997D99B1FD7C8D900BA1D8F /* HomeViewController.swift */; };
		9997D99E1FD7C92F00BA1D8F /* LaunchingViewController.swift in Sources */ = {isa = PBXBuildFile; fileRef = 9997D99D1FD7C92F00BA1D8F /* LaunchingViewController.swift */; };
		9997D9A01FD7CED800BA1D8F /* UserDefaults.swift in Sources */ = {isa = PBXBuildFile; fileRef = 9997D99F1FD7CED800BA1D8F /* UserDefaults.swift */; };
		9997D9A21FD7DB4700BA1D8F /* ViewControllerExtension.swift in Sources */ = {isa = PBXBuildFile; fileRef = 9997D9A11FD7DB4700BA1D8F /* ViewControllerExtension.swift */; };
		DB40752BE57639C8BAFFEE6A /* Pods_FinalFitnessApp.framework in Frameworks */ = {isa = PBXBuildFile; fileRef = 782EBEB0F5727FDE7CDB6E13 /* Pods_FinalFitnessApp.framework */; };
/* End PBXBuildFile section */

/* Begin PBXFileReference section */
		4C937451BF4397C0A55807E3 /* Pods-FinalFitnessApp.debug.xcconfig */ = {isa = PBXFileReference; includeInIndex = 1; lastKnownFileType = text.xcconfig; name = "Pods-FinalFitnessApp.debug.xcconfig"; path = "Pods/Target Support Files/Pods-FinalFitnessApp/Pods-FinalFitnessApp.debug.xcconfig"; sourceTree = "<group>"; };
		782EBEB0F5727FDE7CDB6E13 /* Pods_FinalFitnessApp.framework */ = {isa = PBXFileReference; explicitFileType = wrapper.framework; includeInIndex = 0; path = Pods_FinalFitnessApp.framework; sourceTree = BUILT_PRODUCTS_DIR; };
		9997D97B1FD7ABA700BA1D8F /* FinalFitnessApp.app */ = {isa = PBXFileReference; explicitFileType = wrapper.application; includeInIndex = 0; path = FinalFitnessApp.app; sourceTree = BUILT_PRODUCTS_DIR; };
		9997D97E1FD7ABA700BA1D8F /* AppDelegate.swift */ = {isa = PBXFileReference; lastKnownFileType = sourcecode.swift; path = AppDelegate.swift; sourceTree = "<group>"; };
		9997D9801FD7ABA700BA1D8F /* LoginViewController.swift */ = {isa = PBXFileReference; lastKnownFileType = sourcecode.swift; path = LoginViewController.swift; sourceTree = "<group>"; };
		9997D9831FD7ABA700BA1D8F /* Base */ = {isa = PBXFileReference; lastKnownFileType = file.storyboard; name = Base; path = Base.lproj/Main.storyboard; sourceTree = "<group>"; };
		9997D9881FD7ABA700BA1D8F /* Assets.xcassets */ = {isa = PBXFileReference; lastKnownFileType = folder.assetcatalog; path = Assets.xcassets; sourceTree = "<group>"; };
		9997D98B1FD7ABA700BA1D8F /* Base */ = {isa = PBXFileReference; lastKnownFileType = file.storyboard; name = Base; path = Base.lproj/LaunchScreen.storyboard; sourceTree = "<group>"; };
		9997D98D1FD7ABA700BA1D8F /* Info.plist */ = {isa = PBXFileReference; lastKnownFileType = text.plist.xml; path = Info.plist; sourceTree = "<group>"; };
		9997D9931FD7AE8D00BA1D8F /* GoogleService-Info.plist */ = {isa = PBXFileReference; fileEncoding = 4; lastKnownFileType = text.plist.xml; path = "GoogleService-Info.plist"; sourceTree = SOURCE_ROOT; };
		9997D9961FD7AFA500BA1D8F /* AppDelegat + GoogleSignin.swift */ = {isa = PBXFileReference; lastKnownFileType = sourcecode.swift; path = "AppDelegat + GoogleSignin.swift"; sourceTree = "<group>"; };
		9997D99B1FD7C8D900BA1D8F /* HomeViewController.swift */ = {isa = PBXFileReference; lastKnownFileType = sourcecode.swift; path = HomeViewController.swift; sourceTree = "<group>"; };
		9997D99D1FD7C92F00BA1D8F /* LaunchingViewController.swift */ = {isa = PBXFileReference; lastKnownFileType = sourcecode.swift; path = LaunchingViewController.swift; sourceTree = "<group>"; };
		9997D99F1FD7CED800BA1D8F /* UserDefaults.swift */ = {isa = PBXFileReference; lastKnownFileType = sourcecode.swift; path = UserDefaults.swift; sourceTree = "<group>"; };
		9997D9A11FD7DB4700BA1D8F /* ViewControllerExtension.swift */ = {isa = PBXFileReference; lastKnownFileType = sourcecode.swift; path = ViewControllerExtension.swift; sourceTree = "<group>"; };
		C81AD0AC2E035283363BF2B3 /* Pods-FinalFitnessApp.release.xcconfig */ = {isa = PBXFileReference; includeInIndex = 1; lastKnownFileType = text.xcconfig; name = "Pods-FinalFitnessApp.release.xcconfig"; path = "Pods/Target Support Files/Pods-FinalFitnessApp/Pods-FinalFitnessApp.release.xcconfig"; sourceTree = "<group>"; };
/* End PBXFileReference section */

/* Begin PBXFrameworksBuildPhase section */
		9997D9781FD7ABA700BA1D8F /* Frameworks */ = {
			isa = PBXFrameworksBuildPhase;
			buildActionMask = 2147483647;
			files = (
				DB40752BE57639C8BAFFEE6A /* Pods_FinalFitnessApp.framework in Frameworks */,
			);
			runOnlyForDeploymentPostprocessing = 0;
		};
/* End PBXFrameworksBuildPhase section */

/* Begin PBXGroup section */
		9997D9721FD7ABA700BA1D8F = {
			isa = PBXGroup;
			children = (
				9997D97D1FD7ABA700BA1D8F /* FinalFitnessApp */,
				9997D97C1FD7ABA700BA1D8F /* Products */,
				B8DB300CE2BDA22F84418859 /* Pods */,
				AE6401496F53350DF84878AB /* Frameworks */,
			);
			sourceTree = "<group>";
		};
		9997D97C1FD7ABA700BA1D8F /* Products */ = {
			isa = PBXGroup;
			children = (
				9997D97B1FD7ABA700BA1D8F /* FinalFitnessApp.app */,
			);
			name = Products;
			sourceTree = "<group>";
		};
		9997D97D1FD7ABA700BA1D8F /* FinalFitnessApp */ = {
			isa = PBXGroup;
			children = (
				9997D9951FD7AF7400BA1D8F /* Extensions */,
				9997D97E1FD7ABA700BA1D8F /* AppDelegate.swift */,
				9997D9981FD7BE7A00BA1D8F /* ViewControllers */,
				9997D9821FD7ABA700BA1D8F /* Main.storyboard */,
				9997D9931FD7AE8D00BA1D8F /* GoogleService-Info.plist */,
				9997D99F1FD7CED800BA1D8F /* UserDefaults.swift */,
				9997D9881FD7ABA700BA1D8F /* Assets.xcassets */,
				9997D98A1FD7ABA700BA1D8F /* LaunchScreen.storyboard */,
				9997D98D1FD7ABA700BA1D8F /* Info.plist */,
			);
			path = FinalFitnessApp;
			sourceTree = "<group>";
		};
		9997D9951FD7AF7400BA1D8F /* Extensions */ = {
			isa = PBXGroup;
			children = (
				9997D9961FD7AFA500BA1D8F /* AppDelegat + GoogleSignin.swift */,
				9997D9A11FD7DB4700BA1D8F /* ViewControllerExtension.swift */,
			);
			path = Extensions;
			sourceTree = "<group>";
		};
		9997D9981FD7BE7A00BA1D8F /* ViewControllers */ = {
			isa = PBXGroup;
			children = (
				9997D9801FD7ABA700BA1D8F /* LoginViewController.swift */,
				9997D99D1FD7C92F00BA1D8F /* LaunchingViewController.swift */,
				9997D99B1FD7C8D900BA1D8F /* HomeViewController.swift */,
			);
			path = ViewControllers;
			sourceTree = "<group>";
		};
		AE6401496F53350DF84878AB /* Frameworks */ = {
			isa = PBXGroup;
			children = (
				782EBEB0F5727FDE7CDB6E13 /* Pods_FinalFitnessApp.framework */,
			);
			name = Frameworks;
			sourceTree = "<group>";
		};
		B8DB300CE2BDA22F84418859 /* Pods */ = {
			isa = PBXGroup;
			children = (
				4C937451BF4397C0A55807E3 /* Pods-FinalFitnessApp.debug.xcconfig */,
				C81AD0AC2E035283363BF2B3 /* Pods-FinalFitnessApp.release.xcconfig */,
			);
			name = Pods;
			sourceTree = "<group>";
		};
/* End PBXGroup section */

/* Begin PBXNativeTarget section */
		9997D97A1FD7ABA700BA1D8F /* FinalFitnessApp */ = {
			isa = PBXNativeTarget;
			buildConfigurationList = 9997D9901FD7ABA700BA1D8F /* Build configuration list for PBXNativeTarget "FinalFitnessApp" */;
			buildPhases = (
				78489C51B70E25C7D05BB22F /* [CP] Check Pods Manifest.lock */,
				9997D9771FD7ABA700BA1D8F /* Sources */,
				9997D9781FD7ABA700BA1D8F /* Frameworks */,
				9997D9791FD7ABA700BA1D8F /* Resources */,
				05467D475412A03E6874049D /* [CP] Embed Pods Frameworks */,
				F6D85FF723586B09FB752E7E /* [CP] Copy Pods Resources */,
			);
			buildRules = (
			);
			dependencies = (
			);
			name = FinalFitnessApp;
			productName = FinalFitnessApp;
			productReference = 9997D97B1FD7ABA700BA1D8F /* FinalFitnessApp.app */;
			productType = "com.apple.product-type.application";
		};
/* End PBXNativeTarget section */

/* Begin PBXProject section */
		9997D9731FD7ABA700BA1D8F /* Project object */ = {
			isa = PBXProject;
			attributes = {
				LastSwiftUpdateCheck = 0910;
				LastUpgradeCheck = 0910;
				ORGANIZATIONNAME = "Nicholas Jaeger";
				TargetAttributes = {
					9997D97A1FD7ABA700BA1D8F = {
						CreatedOnToolsVersion = 9.1;
						ProvisioningStyle = Automatic;
					};
				};
			};
			buildConfigurationList = 9997D9761FD7ABA700BA1D8F /* Build configuration list for PBXProject "FinalFitnessApp" */;
			compatibilityVersion = "Xcode 8.0";
			developmentRegion = en;
			hasScannedForEncodings = 0;
			knownRegions = (
				en,
				Base,
			);
			mainGroup = 9997D9721FD7ABA700BA1D8F;
			productRefGroup = 9997D97C1FD7ABA700BA1D8F /* Products */;
			projectDirPath = "";
			projectRoot = "";
			targets = (
				9997D97A1FD7ABA700BA1D8F /* FinalFitnessApp */,
			);
		};
/* End PBXProject section */

/* Begin PBXResourcesBuildPhase section */
		9997D9791FD7ABA700BA1D8F /* Resources */ = {
			isa = PBXResourcesBuildPhase;
			buildActionMask = 2147483647;
			files = (
				9997D98C1FD7ABA700BA1D8F /* LaunchScreen.storyboard in Resources */,
				9997D9941FD7AE8D00BA1D8F /* GoogleService-Info.plist in Resources */,
				9997D9891FD7ABA700BA1D8F /* Assets.xcassets in Resources */,
				9997D9841FD7ABA700BA1D8F /* Main.storyboard in Resources */,
			);
			runOnlyForDeploymentPostprocessing = 0;
		};
/* End PBXResourcesBuildPhase section */

/* Begin PBXShellScriptBuildPhase section */
		05467D475412A03E6874049D /* [CP] Embed Pods Frameworks */ = {
			isa = PBXShellScriptBuildPhase;
			buildActionMask = 2147483647;
			files = (
			);
			inputPaths = (
				"${SRCROOT}/Pods/Target Support Files/Pods-FinalFitnessApp/Pods-FinalFitnessApp-frameworks.sh",
				"${BUILT_PRODUCTS_DIR}/GTMOAuth2/GTMOAuth2.framework",
				"${BUILT_PRODUCTS_DIR}/GTMSessionFetcher/GTMSessionFetcher.framework",
				"${BUILT_PRODUCTS_DIR}/GoogleToolboxForMac/GoogleToolboxForMac.framework",
				"${BUILT_PRODUCTS_DIR}/nanopb/nanopb.framework",
			);
			name = "[CP] Embed Pods Frameworks";
			outputPaths = (
				"${TARGET_BUILD_DIR}/${FRAMEWORKS_FOLDER_PATH}/GTMOAuth2.framework",
				"${TARGET_BUILD_DIR}/${FRAMEWORKS_FOLDER_PATH}/GTMSessionFetcher.framework",
				"${TARGET_BUILD_DIR}/${FRAMEWORKS_FOLDER_PATH}/GoogleToolboxForMac.framework",
				"${TARGET_BUILD_DIR}/${FRAMEWORKS_FOLDER_PATH}/nanopb.framework",
			);
			runOnlyForDeploymentPostprocessing = 0;
			shellPath = /bin/sh;
			shellScript = "\"${SRCROOT}/Pods/Target Support Files/Pods-FinalFitnessApp/Pods-FinalFitnessApp-frameworks.sh\"\n";
			showEnvVarsInLog = 0;
		};
		78489C51B70E25C7D05BB22F /* [CP] Check Pods Manifest.lock */ = {
			isa = PBXShellScriptBuildPhase;
			buildActionMask = 2147483647;
			files = (
			);
			inputPaths = (
				"${PODS_PODFILE_DIR_PATH}/Podfile.lock",
				"${PODS_ROOT}/Manifest.lock",
			);
			name = "[CP] Check Pods Manifest.lock";
			outputPaths = (
				"$(DERIVED_FILE_DIR)/Pods-FinalFitnessApp-checkManifestLockResult.txt",
			);
			runOnlyForDeploymentPostprocessing = 0;
			shellPath = /bin/sh;
			shellScript = "diff \"${PODS_PODFILE_DIR_PATH}/Podfile.lock\" \"${PODS_ROOT}/Manifest.lock\" > /dev/null\nif [ $? != 0 ] ; then\n    # print error to STDERR\n    echo \"error: The sandbox is not in sync with the Podfile.lock. Run 'pod install' or update your CocoaPods installation.\" >&2\n    exit 1\nfi\n# This output is used by Xcode 'outputs' to avoid re-running this script phase.\necho \"SUCCESS\" > \"${SCRIPT_OUTPUT_FILE_0}\"\n";
			showEnvVarsInLog = 0;
		};
		F6D85FF723586B09FB752E7E /* [CP] Copy Pods Resources */ = {
			isa = PBXShellScriptBuildPhase;
			buildActionMask = 2147483647;
			files = (
			);
			inputPaths = (
				"${SRCROOT}/Pods/Target Support Files/Pods-FinalFitnessApp/Pods-FinalFitnessApp-resources.sh",
				"${PODS_ROOT}/GoogleSignIn/Resources/GoogleSignIn.bundle",
			);
			name = "[CP] Copy Pods Resources";
			outputPaths = (
				"${TARGET_BUILD_DIR}/${UNLOCALIZED_RESOURCES_FOLDER_PATH}",
			);
			runOnlyForDeploymentPostprocessing = 0;
			shellPath = /bin/sh;
			shellScript = "\"${SRCROOT}/Pods/Target Support Files/Pods-FinalFitnessApp/Pods-FinalFitnessApp-resources.sh\"\n";
			showEnvVarsInLog = 0;
		};
/* End PBXShellScriptBuildPhase section */

/* Begin PBXSourcesBuildPhase section */
		9997D9771FD7ABA700BA1D8F /* Sources */ = {
			isa = PBXSourcesBuildPhase;
			buildActionMask = 2147483647;
			files = (
				9997D9811FD7ABA700BA1D8F /* LoginViewController.swift in Sources */,
				9997D9971FD7AFA500BA1D8F /* AppDelegat + GoogleSignin.swift in Sources */,
				9997D9A21FD7DB4700BA1D8F /* ViewControllerExtension.swift in Sources */,
				9997D9A01FD7CED800BA1D8F /* UserDefaults.swift in Sources */,
				9997D99E1FD7C92F00BA1D8F /* LaunchingViewController.swift in Sources */,
				9997D97F1FD7ABA700BA1D8F /* AppDelegate.swift in Sources */,
				9997D99C1FD7C8D900BA1D8F /* HomeViewController.swift in Sources */,
			);
			runOnlyForDeploymentPostprocessing = 0;
		};
/* End PBXSourcesBuildPhase section */

/* Begin PBXVariantGroup section */
		9997D9821FD7ABA700BA1D8F /* Main.storyboard */ = {
			isa = PBXVariantGroup;
			children = (
				9997D9831FD7ABA700BA1D8F /* Base */,
			);
			name = Main.storyboard;
			sourceTree = "<group>";
		};
		9997D98A1FD7ABA700BA1D8F /* LaunchScreen.storyboard */ = {
			isa = PBXVariantGroup;
			children = (
				9997D98B1FD7ABA700BA1D8F /* Base */,
			);
			name = LaunchScreen.storyboard;
			sourceTree = "<group>";
		};
/* End PBXVariantGroup section */

/* Begin XCBuildConfiguration section */
		9997D98E1FD7ABA700BA1D8F /* Debug */ = {
			isa = XCBuildConfiguration;
			buildSettings = {
				ALWAYS_SEARCH_USER_PATHS = NO;
				CLANG_ANALYZER_NONNULL = YES;
				CLANG_ANALYZER_NUMBER_OBJECT_CONVERSION = YES_AGGRESSIVE;
				CLANG_CXX_LANGUAGE_STANDARD = "gnu++14";
				CLANG_CXX_LIBRARY = "libc++";
				CLANG_ENABLE_MODULES = YES;
				CLANG_ENABLE_OBJC_ARC = YES;
				CLANG_WARN_BLOCK_CAPTURE_AUTORELEASING = YES;
				CLANG_WARN_BOOL_CONVERSION = YES;
				CLANG_WARN_COMMA = YES;
				CLANG_WARN_CONSTANT_CONVERSION = YES;
				CLANG_WARN_DIRECT_OBJC_ISA_USAGE = YES_ERROR;
				CLANG_WARN_DOCUMENTATION_COMMENTS = YES;
				CLANG_WARN_EMPTY_BODY = YES;
				CLANG_WARN_ENUM_CONVERSION = YES;
				CLANG_WARN_INFINITE_RECURSION = YES;
				CLANG_WARN_INT_CONVERSION = YES;
				CLANG_WARN_NON_LITERAL_NULL_CONVERSION = YES;
				CLANG_WARN_OBJC_LITERAL_CONVERSION = YES;
				CLANG_WARN_OBJC_ROOT_CLASS = YES_ERROR;
				CLANG_WARN_RANGE_LOOP_ANALYSIS = YES;
				CLANG_WARN_STRICT_PROTOTYPES = YES;
				CLANG_WARN_SUSPICIOUS_MOVE = YES;
				CLANG_WARN_UNGUARDED_AVAILABILITY = YES_AGGRESSIVE;
				CLANG_WARN_UNREACHABLE_CODE = YES;
				CLANG_WARN__DUPLICATE_METHOD_MATCH = YES;
				CODE_SIGN_IDENTITY = "iPhone Developer";
				COPY_PHASE_STRIP = NO;
				DEBUG_INFORMATION_FORMAT = dwarf;
				ENABLE_STRICT_OBJC_MSGSEND = YES;
				ENABLE_TESTABILITY = YES;
				GCC_C_LANGUAGE_STANDARD = gnu11;
				GCC_DYNAMIC_NO_PIC = NO;
				GCC_NO_COMMON_BLOCKS = YES;
				GCC_OPTIMIZATION_LEVEL = 0;
				GCC_PREPROCESSOR_DEFINITIONS = (
					"DEBUG=1",
					"$(inherited)",
				);
				GCC_WARN_64_TO_32_BIT_CONVERSION = YES;
				GCC_WARN_ABOUT_RETURN_TYPE = YES_ERROR;
				GCC_WARN_UNDECLARED_SELECTOR = YES;
				GCC_WARN_UNINITIALIZED_AUTOS = YES_AGGRESSIVE;
				GCC_WARN_UNUSED_FUNCTION = YES;
				GCC_WARN_UNUSED_VARIABLE = YES;
				IPHONEOS_DEPLOYMENT_TARGET = 11.1;
				MTL_ENABLE_DEBUG_INFO = YES;
				ONLY_ACTIVE_ARCH = YES;
				SDKROOT = iphoneos;
				SWIFT_ACTIVE_COMPILATION_CONDITIONS = DEBUG;
				SWIFT_OPTIMIZATION_LEVEL = "-Onone";
			};
			name = Debug;
		};
		9997D98F1FD7ABA700BA1D8F /* Release */ = {
			isa = XCBuildConfiguration;
			buildSettings = {
				ALWAYS_SEARCH_USER_PATHS = NO;
				CLANG_ANALYZER_NONNULL = YES;
				CLANG_ANALYZER_NUMBER_OBJECT_CONVERSION = YES_AGGRESSIVE;
				CLANG_CXX_LANGUAGE_STANDARD = "gnu++14";
				CLANG_CXX_LIBRARY = "libc++";
				CLANG_ENABLE_MODULES = YES;
				CLANG_ENABLE_OBJC_ARC = YES;
				CLANG_WARN_BLOCK_CAPTURE_AUTORELEASING = YES;
				CLANG_WARN_BOOL_CONVERSION = YES;
				CLANG_WARN_COMMA = YES;
				CLANG_WARN_CONSTANT_CONVERSION = YES;
				CLANG_WARN_DIRECT_OBJC_ISA_USAGE = YES_ERROR;
				CLANG_WARN_DOCUMENTATION_COMMENTS = YES;
				CLANG_WARN_EMPTY_BODY = YES;
				CLANG_WARN_ENUM_CONVERSION = YES;
				CLANG_WARN_INFINITE_RECURSION = YES;
				CLANG_WARN_INT_CONVERSION = YES;
				CLANG_WARN_NON_LITERAL_NULL_CONVERSION = YES;
				CLANG_WARN_OBJC_LITERAL_CONVERSION = YES;
				CLANG_WARN_OBJC_ROOT_CLASS = YES_ERROR;
				CLANG_WARN_RANGE_LOOP_ANALYSIS = YES;
				CLANG_WARN_STRICT_PROTOTYPES = YES;
				CLANG_WARN_SUSPICIOUS_MOVE = YES;
				CLANG_WARN_UNGUARDED_AVAILABILITY = YES_AGGRESSIVE;
				CLANG_WARN_UNREACHABLE_CODE = YES;
				CLANG_WARN__DUPLICATE_METHOD_MATCH = YES;
				CODE_SIGN_IDENTITY = "iPhone Developer";
				COPY_PHASE_STRIP = NO;
				DEBUG_INFORMATION_FORMAT = "dwarf-with-dsym";
				ENABLE_NS_ASSERTIONS = NO;
				ENABLE_STRICT_OBJC_MSGSEND = YES;
				GCC_C_LANGUAGE_STANDARD = gnu11;
				GCC_NO_COMMON_BLOCKS = YES;
				GCC_WARN_64_TO_32_BIT_CONVERSION = YES;
				GCC_WARN_ABOUT_RETURN_TYPE = YES_ERROR;
				GCC_WARN_UNDECLARED_SELECTOR = YES;
				GCC_WARN_UNINITIALIZED_AUTOS = YES_AGGRESSIVE;
				GCC_WARN_UNUSED_FUNCTION = YES;
				GCC_WARN_UNUSED_VARIABLE = YES;
				IPHONEOS_DEPLOYMENT_TARGET = 11.1;
				MTL_ENABLE_DEBUG_INFO = NO;
				SDKROOT = iphoneos;
				SWIFT_OPTIMIZATION_LEVEL = "-Owholemodule";
				VALIDATE_PRODUCT = YES;
			};
			name = Release;
		};
		9997D9911FD7ABA700BA1D8F /* Debug */ = {
			isa = XCBuildConfiguration;
			baseConfigurationReference = 4C937451BF4397C0A55807E3 /* Pods-FinalFitnessApp.debug.xcconfig */;
			buildSettings = {
				ASSETCATALOG_COMPILER_APPICON_NAME = AppIcon;
				CODE_SIGN_STYLE = Automatic;
				DEVELOPMENT_TEAM = PE387327U6;
				INFOPLIST_FILE = FinalFitnessApp/Info.plist;
				LD_RUNPATH_SEARCH_PATHS = "$(inherited) @executable_path/Frameworks";
				PRODUCT_BUNDLE_IDENTIFIER = com.example.FinalFitnessApp;
				PRODUCT_NAME = "$(TARGET_NAME)";
				SWIFT_VERSION = 4.0;
				TARGETED_DEVICE_FAMILY = "1,2";
			};
			name = Debug;
		};
		9997D9921FD7ABA700BA1D8F /* Release */ = {
			isa = XCBuildConfiguration;
			baseConfigurationReference = C81AD0AC2E035283363BF2B3 /* Pods-FinalFitnessApp.release.xcconfig */;
			buildSettings = {
				ASSETCATALOG_COMPILER_APPICON_NAME = AppIcon;
				CODE_SIGN_STYLE = Automatic;
				DEVELOPMENT_TEAM = PE387327U6;
				INFOPLIST_FILE = FinalFitnessApp/Info.plist;
				LD_RUNPATH_SEARCH_PATHS = "$(inherited) @executable_path/Frameworks";
				PRODUCT_BUNDLE_IDENTIFIER = com.example.FinalFitnessApp;
				PRODUCT_NAME = "$(TARGET_NAME)";
				SWIFT_VERSION = 4.0;
				TARGETED_DEVICE_FAMILY = "1,2";
			};
			name = Release;
		};
/* End XCBuildConfiguration section */

/* Begin XCConfigurationList section */
		9997D9761FD7ABA700BA1D8F /* Build configuration list for PBXProject "FinalFitnessApp" */ = {
			isa = XCConfigurationList;
			buildConfigurations = (
				9997D98E1FD7ABA700BA1D8F /* Debug */,
				9997D98F1FD7ABA700BA1D8F /* Release */,
			);
			defaultConfigurationIsVisible = 0;
			defaultConfigurationName = Release;
		};
		9997D9901FD7ABA700BA1D8F /* Build configuration list for PBXNativeTarget "FinalFitnessApp" */ = {
			isa = XCConfigurationList;
			buildConfigurations = (
				9997D9911FD7ABA700BA1D8F /* Debug */,
				9997D9921FD7ABA700BA1D8F /* Release */,
			);
			defaultConfigurationIsVisible = 0;
			defaultConfigurationName = Release;
		};
/* End XCConfigurationList section */
	};
	rootObject = 9997D9731FD7ABA700BA1D8F /* Project object */;
}
